
Microsoft Visual Studio Solution File, Format Version 12.00
# Visual Studio Version 17
VisualStudioVersion = 17.1.32421.90
MinimumVisualStudioVersion = 10.0.40219.1
Project("{2150E333-8FDC-42A3-9474-1A3956D46DE8}") = "src", "src", "{FF3C6504-FAF8-4FD4-9FBD-0C02E2A38430}"
EndProject
Project("{2150E333-8FDC-42A3-9474-1A3956D46DE8}") = "docs", "docs", "{065A8D98-F9FA-4F6D-8962-025092048DCB}"
	ProjectSection(SolutionItems) = preProject
		README.md = README.md
	EndProjectSection
EndProject
Project("{2150E333-8FDC-42A3-9474-1A3956D46DE8}") = "0 Utils", "0 Utils", "{7184AE95-780A-4AC8-9DF3-D6CA0F0D0283}"
EndProject
Project("{2150E333-8FDC-42A3-9474-1A3956D46DE8}") = "1 Core", "1 Core", "{5EE6C1B7-C323-4D86-8391-BCC52415DB2F}"
EndProject
Project("{2150E333-8FDC-42A3-9474-1A3956D46DE8}") = "2 Infrastructure Interfaces", "2 Infrastructure Interfaces", "{B93BB0E8-CF7E-4F7F-BFA8-DD92F6F83CC2}"
EndProject
Project("{2150E333-8FDC-42A3-9474-1A3956D46DE8}") = "3 Application Services Interfaces", "3 Application Services Interfaces", "{D0922BE8-D7AE-44B9-A03F-36BFC7846C31}"
EndProject
Project("{2150E333-8FDC-42A3-9474-1A3956D46DE8}") = "4 Application Services Implementation", "4 Application Services Implementation", "{B101095F-837B-41C0-B305-D9D34183BBD7}"
EndProject
Project("{2150E333-8FDC-42A3-9474-1A3956D46DE8}") = "6 Infrastructure Implementation", "6 Infrastructure Implementation", "{EFF4510A-86CE-435E-98DB-34B17CA89FC3}"
EndProject
Project("{2150E333-8FDC-42A3-9474-1A3956D46DE8}") = "7 Api", "7 Api", "{31CDCA97-1BFB-4DA7-B991-315414F0E7C6}"
EndProject
Project("{2150E333-8FDC-42A3-9474-1A3956D46DE8}") = "8 Host", "8 Host", "{27FD8170-875F-4ECC-8D98-C48BE6F9CDD9}"
EndProject
Project("{2150E333-8FDC-42A3-9474-1A3956D46DE8}") = "Domain", "Domain", "{1C766228-3017-485E-A330-4CF7D7A9B08F}"
EndProject
Project("{2150E333-8FDC-42A3-9474-1A3956D46DE8}") = "Infrastructure Services", "Infrastructure Services", "{F0BD22A5-0E1E-4EA8-9161-24E6D38BABEE}"
EndProject
Project("{2150E333-8FDC-42A3-9474-1A3956D46DE8}") = "Blockchain APIs", "Blockchain APIs", "{0139A884-9AB0-4D75-B6A2-97A4C062812E}"
EndProject
Project("{2150E333-8FDC-42A3-9474-1A3956D46DE8}") = "Data Access", "Data Access", "{822423C2-18DA-4FCD-B2CF-55A30C633E5E}"
EndProject
Project("{2150E333-8FDC-42A3-9474-1A3956D46DE8}") = "Data Access", "Data Access", "{7FE67155-0696-464B-9A68-E45C3180F0D2}"
EndProject
Project("{2150E333-8FDC-42A3-9474-1A3956D46DE8}") = "Infrastructure Services", "Infrastructure Services", "{34053AB7-5818-44CB-9905-F9A516B0DA8A}"
EndProject
Project("{2150E333-8FDC-42A3-9474-1A3956D46DE8}") = "Blockchains", "Blockchains", "{1FD281BB-E27F-4E54-B42B-E99DFE4C7693}"
EndProject
Project("{9A19103F-16F7-4668-BE54-9A1E7A4F7556}") = "Nomis.Api.Common", "src\Nomis.Api.Common\Nomis.Api.Common.csproj", "{EF2A09DC-BA93-4BB8-8A80-3500F775968C}"
EndProject
Project("{9A19103F-16F7-4668-BE54-9A1E7A4F7556}") = "Nomis.Utils", "src\Nomis.Utils\Nomis.Utils.csproj", "{DFF9BC89-E985-430F-BC46-DAFD110BA8CA}"
EndProject
Project("{2150E333-8FDC-42A3-9474-1A3956D46DE8}") = "Blockchain APIs", "Blockchain APIs", "{CCCBFDCA-25AD-4B2A-A924-C3518BA43400}"
EndProject
Project("{9A19103F-16F7-4668-BE54-9A1E7A4F7556}") = "Nomis.Blockchain.Abstractions", "src\Nomis.Blockchain.Abstractions\Nomis.Blockchain.Abstractions.csproj", "{E3AB955F-D0CA-4F7D-A797-9AA9929CBF06}"
EndProject
Project("{2150E333-8FDC-42A3-9474-1A3956D46DE8}") = "Server", "Server", "{6E6973B9-2B02-4429-8056-653CC78EB894}"
EndProject
Project("{9A19103F-16F7-4668-BE54-9A1E7A4F7556}") = "Nomis.Web.Server.Common", "src\Nomis.Web.Server.Common\Nomis.Web.Server.Common.csproj", "{A17D1A76-E9CA-46FD-AEE1-BA003FD8484C}"
EndProject
Project("{9A19103F-16F7-4668-BE54-9A1E7A4F7556}") = "Nomis.Coingecko.Interfaces", "src\Nomis.Coingecko.Interfaces\Nomis.Coingecko.Interfaces.csproj", "{8E30C34F-50D7-40B8-B5A9-2146C4CA0CB6}"
EndProject
Project("{9A19103F-16F7-4668-BE54-9A1E7A4F7556}") = "Nomis.Coingecko", "src\Nomis.Coingecko\Nomis.Coingecko.csproj", "{0A53DCB9-56B3-4E9D-8D11-36A43B5DC051}"
EndProject
Project("{9A19103F-16F7-4668-BE54-9A1E7A4F7556}") = "Nomis.Domain", "src\Nomis.Domain\Nomis.Domain.csproj", "{35B3F10A-58DE-4CA4-B900-ABF38CC7FBC4}"
EndProject
Project("{9A19103F-16F7-4668-BE54-9A1E7A4F7556}") = "Nomis.DataAccess.Interfaces", "src\Nomis.DataAccess.Interfaces\Nomis.DataAccess.Interfaces.csproj", "{915BC30B-80AE-4F6E-A271-A06EE0B91C46}"
EndProject
Project("{9A19103F-16F7-4668-BE54-9A1E7A4F7556}") = "Nomis.DataAccess.PostgreSql", "src\Nomis.DataAccess.PostgreSql\Nomis.DataAccess.PostgreSql.csproj", "{EDA2C89B-B81B-43BF-8767-03379088EFAB}"
EndProject
Project("{9A19103F-16F7-4668-BE54-9A1E7A4F7556}") = "Nomis.CurrentUserService.Interfaces", "src\Nomis.CurrentUserService.Interfaces\Nomis.CurrentUserService.Interfaces.csproj", "{8FC78BEB-55A8-42E3-BA52-64D182C8C3E3}"
EndProject
Project("{9A19103F-16F7-4668-BE54-9A1E7A4F7556}") = "Nomis.CurrentUserService", "src\Nomis.CurrentUserService\Nomis.CurrentUserService.csproj", "{6597E8A7-6566-4199-BBDA-0E37EA4F7F6A}"
EndProject
Project("{9A19103F-16F7-4668-BE54-9A1E7A4F7556}") = "Nomis.Domain.Scoring", "src\Nomis.Domain.Scoring\Nomis.Domain.Scoring.csproj", "{DDB58AE5-7ACB-41C6-A8E9-F3AF8EA69123}"
EndProject
Project("{9A19103F-16F7-4668-BE54-9A1E7A4F7556}") = "Nomis.DataAccess.Scoring.Interfaces", "src\Nomis.DataAccess.Scoring.Interfaces\Nomis.DataAccess.Scoring.Interfaces.csproj", "{EB2BCEDE-FB3D-4FBD-BAFB-D4EA6E262C8A}"
EndProject
Project("{9A19103F-16F7-4668-BE54-9A1E7A4F7556}") = "Nomis.DataAccess.PostgreSql.Scoring", "src\Nomis.DataAccess.PostgreSql.Scoring\Nomis.DataAccess.PostgreSql.Scoring.csproj", "{6E3BF59A-DC3A-48CA-9EC9-145645DFF8C1}"
EndProject
Project("{9A19103F-16F7-4668-BE54-9A1E7A4F7556}") = "Nomis.ScoringService.Interfaces", "src\Nomis.ScoringService.Interfaces\Nomis.ScoringService.Interfaces.csproj", "{12D9910F-4D8A-460C-A1FF-9D68812F74AF}"
EndProject
Project("{9A19103F-16F7-4668-BE54-9A1E7A4F7556}") = "Nomis.ScoringService", "src\Nomis.ScoringService\Nomis.ScoringService.csproj", "{1FDC8726-37E9-4728-8573-50FF274B660C}"
EndProject
Project("{2150E333-8FDC-42A3-9474-1A3956D46DE8}") = "Tron", "Tron", "{5FCA629A-7EEA-4430-89C8-98D575B63938}"
EndProject
Project("{2150E333-8FDC-42A3-9474-1A3956D46DE8}") = "Tron", "Tron", "{EF0276F1-C6A2-4CAF-A74A-33EDA73D0F8E}"
EndProject
Project("{2150E333-8FDC-42A3-9474-1A3956D46DE8}") = "Tron", "Tron", "{221ABD7A-9986-41C4-9210-33022FF77375}"
EndProject
Project("{9A19103F-16F7-4668-BE54-9A1E7A4F7556}") = "Nomis.Tronscan.Interfaces", "src\Nomis.Tronscan.Interfaces\Nomis.Tronscan.Interfaces.csproj", "{A445FEF9-9931-4F0E-B4FB-77F17AC1C30D}"
EndProject
Project("{9A19103F-16F7-4668-BE54-9A1E7A4F7556}") = "Nomis.Tronscan", "src\Nomis.Tronscan\Nomis.Tronscan.csproj", "{21390519-0D91-4D1A-8FB8-54711A94E4B8}"
EndProject
Project("{9A19103F-16F7-4668-BE54-9A1E7A4F7556}") = "Nomis.Api.Tron", "src\Nomis.Api.Tron\Nomis.Api.Tron.csproj", "{35827937-7C07-4200-BB2A-6535294E14E9}"
EndProject
Global
	GlobalSection(SolutionConfigurationPlatforms) = preSolution
		Debug|Any CPU = Debug|Any CPU
		Release|Any CPU = Release|Any CPU
	EndGlobalSection
	GlobalSection(ProjectConfigurationPlatforms) = postSolution
		{EF2A09DC-BA93-4BB8-8A80-3500F775968C}.Debug|Any CPU.ActiveCfg = Debug|Any CPU
		{EF2A09DC-BA93-4BB8-8A80-3500F775968C}.Debug|Any CPU.Build.0 = Debug|Any CPU
		{EF2A09DC-BA93-4BB8-8A80-3500F775968C}.Release|Any CPU.ActiveCfg = Release|Any CPU
		{EF2A09DC-BA93-4BB8-8A80-3500F775968C}.Release|Any CPU.Build.0 = Release|Any CPU
		{DFF9BC89-E985-430F-BC46-DAFD110BA8CA}.Debug|Any CPU.ActiveCfg = Debug|Any CPU
		{DFF9BC89-E985-430F-BC46-DAFD110BA8CA}.Debug|Any CPU.Build.0 = Debug|Any CPU
		{DFF9BC89-E985-430F-BC46-DAFD110BA8CA}.Release|Any CPU.ActiveCfg = Release|Any CPU
		{DFF9BC89-E985-430F-BC46-DAFD110BA8CA}.Release|Any CPU.Build.0 = Release|Any CPU
		{E3AB955F-D0CA-4F7D-A797-9AA9929CBF06}.Debug|Any CPU.ActiveCfg = Debug|Any CPU
		{E3AB955F-D0CA-4F7D-A797-9AA9929CBF06}.Debug|Any CPU.Build.0 = Debug|Any CPU
		{E3AB955F-D0CA-4F7D-A797-9AA9929CBF06}.Release|Any CPU.ActiveCfg = Release|Any CPU
		{E3AB955F-D0CA-4F7D-A797-9AA9929CBF06}.Release|Any CPU.Build.0 = Release|Any CPU
		{A17D1A76-E9CA-46FD-AEE1-BA003FD8484C}.Debug|Any CPU.ActiveCfg = Debug|Any CPU
		{A17D1A76-E9CA-46FD-AEE1-BA003FD8484C}.Debug|Any CPU.Build.0 = Debug|Any CPU
		{A17D1A76-E9CA-46FD-AEE1-BA003FD8484C}.Release|Any CPU.ActiveCfg = Release|Any CPU
		{A17D1A76-E9CA-46FD-AEE1-BA003FD8484C}.Release|Any CPU.Build.0 = Release|Any CPU
		{8E30C34F-50D7-40B8-B5A9-2146C4CA0CB6}.Debug|Any CPU.ActiveCfg = Debug|Any CPU
		{8E30C34F-50D7-40B8-B5A9-2146C4CA0CB6}.Debug|Any CPU.Build.0 = Debug|Any CPU
		{8E30C34F-50D7-40B8-B5A9-2146C4CA0CB6}.Release|Any CPU.ActiveCfg = Release|Any CPU
		{8E30C34F-50D7-40B8-B5A9-2146C4CA0CB6}.Release|Any CPU.Build.0 = Release|Any CPU
		{0A53DCB9-56B3-4E9D-8D11-36A43B5DC051}.Debug|Any CPU.ActiveCfg = Debug|Any CPU
		{0A53DCB9-56B3-4E9D-8D11-36A43B5DC051}.Debug|Any CPU.Build.0 = Debug|Any CPU
		{0A53DCB9-56B3-4E9D-8D11-36A43B5DC051}.Release|Any CPU.ActiveCfg = Release|Any CPU
		{0A53DCB9-56B3-4E9D-8D11-36A43B5DC051}.Release|Any CPU.Build.0 = Release|Any CPU
		{35B3F10A-58DE-4CA4-B900-ABF38CC7FBC4}.Debug|Any CPU.ActiveCfg = Debug|Any CPU
		{35B3F10A-58DE-4CA4-B900-ABF38CC7FBC4}.Debug|Any CPU.Build.0 = Debug|Any CPU
		{35B3F10A-58DE-4CA4-B900-ABF38CC7FBC4}.Release|Any CPU.ActiveCfg = Release|Any CPU
		{35B3F10A-58DE-4CA4-B900-ABF38CC7FBC4}.Release|Any CPU.Build.0 = Release|Any CPU
		{915BC30B-80AE-4F6E-A271-A06EE0B91C46}.Debug|Any CPU.ActiveCfg = Debug|Any CPU
		{915BC30B-80AE-4F6E-A271-A06EE0B91C46}.Debug|Any CPU.Build.0 = Debug|Any CPU
		{915BC30B-80AE-4F6E-A271-A06EE0B91C46}.Release|Any CPU.ActiveCfg = Release|Any CPU
		{915BC30B-80AE-4F6E-A271-A06EE0B91C46}.Release|Any CPU.Build.0 = Release|Any CPU
		{EDA2C89B-B81B-43BF-8767-03379088EFAB}.Debug|Any CPU.ActiveCfg = Debug|Any CPU
		{EDA2C89B-B81B-43BF-8767-03379088EFAB}.Debug|Any CPU.Build.0 = Debug|Any CPU
		{EDA2C89B-B81B-43BF-8767-03379088EFAB}.Release|Any CPU.ActiveCfg = Release|Any CPU
		{EDA2C89B-B81B-43BF-8767-03379088EFAB}.Release|Any CPU.Build.0 = Release|Any CPU
		{8FC78BEB-55A8-42E3-BA52-64D182C8C3E3}.Debug|Any CPU.ActiveCfg = Debug|Any CPU
		{8FC78BEB-55A8-42E3-BA52-64D182C8C3E3}.Debug|Any CPU.Build.0 = Debug|Any CPU
		{8FC78BEB-55A8-42E3-BA52-64D182C8C3E3}.Release|Any CPU.ActiveCfg = Release|Any CPU
		{8FC78BEB-55A8-42E3-BA52-64D182C8C3E3}.Release|Any CPU.Build.0 = Release|Any CPU
		{6597E8A7-6566-4199-BBDA-0E37EA4F7F6A}.Debug|Any CPU.ActiveCfg = Debug|Any CPU
		{6597E8A7-6566-4199-BBDA-0E37EA4F7F6A}.Debug|Any CPU.Build.0 = Debug|Any CPU
		{6597E8A7-6566-4199-BBDA-0E37EA4F7F6A}.Release|Any CPU.ActiveCfg = Release|Any CPU
		{6597E8A7-6566-4199-BBDA-0E37EA4F7F6A}.Release|Any CPU.Build.0 = Release|Any CPU
		{DDB58AE5-7ACB-41C6-A8E9-F3AF8EA69123}.Debug|Any CPU.ActiveCfg = Debug|Any CPU
		{DDB58AE5-7ACB-41C6-A8E9-F3AF8EA69123}.Debug|Any CPU.Build.0 = Debug|Any CPU
		{DDB58AE5-7ACB-41C6-A8E9-F3AF8EA69123}.Release|Any CPU.ActiveCfg = Release|Any CPU
		{DDB58AE5-7ACB-41C6-A8E9-F3AF8EA69123}.Release|Any CPU.Build.0 = Release|Any CPU
		{EB2BCEDE-FB3D-4FBD-BAFB-D4EA6E262C8A}.Debug|Any CPU.ActiveCfg = Debug|Any CPU
		{EB2BCEDE-FB3D-4FBD-BAFB-D4EA6E262C8A}.Debug|Any CPU.Build.0 = Debug|Any CPU
		{EB2BCEDE-FB3D-4FBD-BAFB-D4EA6E262C8A}.Release|Any CPU.ActiveCfg = Release|Any CPU
		{EB2BCEDE-FB3D-4FBD-BAFB-D4EA6E262C8A}.Release|Any CPU.Build.0 = Release|Any CPU
		{6E3BF59A-DC3A-48CA-9EC9-145645DFF8C1}.Debug|Any CPU.ActiveCfg = Debug|Any CPU
		{6E3BF59A-DC3A-48CA-9EC9-145645DFF8C1}.Debug|Any CPU.Build.0 = Debug|Any CPU
		{6E3BF59A-DC3A-48CA-9EC9-145645DFF8C1}.Release|Any CPU.ActiveCfg = Release|Any CPU
		{6E3BF59A-DC3A-48CA-9EC9-145645DFF8C1}.Release|Any CPU.Build.0 = Release|Any CPU
		{12D9910F-4D8A-460C-A1FF-9D68812F74AF}.Debug|Any CPU.ActiveCfg = Debug|Any CPU
		{12D9910F-4D8A-460C-A1FF-9D68812F74AF}.Debug|Any CPU.Build.0 = Debug|Any CPU
		{12D9910F-4D8A-460C-A1FF-9D68812F74AF}.Release|Any CPU.ActiveCfg = Release|Any CPU
		{12D9910F-4D8A-460C-A1FF-9D68812F74AF}.Release|Any CPU.Build.0 = Release|Any CPU
		{1FDC8726-37E9-4728-8573-50FF274B660C}.Debug|Any CPU.ActiveCfg = Debug|Any CPU
		{1FDC8726-37E9-4728-8573-50FF274B660C}.Debug|Any CPU.Build.0 = Debug|Any CPU
		{1FDC8726-37E9-4728-8573-50FF274B660C}.Release|Any CPU.ActiveCfg = Release|Any CPU
		{1FDC8726-37E9-4728-8573-50FF274B660C}.Release|Any CPU.Build.0 = Release|Any CPU
		{A445FEF9-9931-4F0E-B4FB-77F17AC1C30D}.Debug|Any CPU.ActiveCfg = Debug|Any CPU
		{A445FEF9-9931-4F0E-B4FB-77F17AC1C30D}.Debug|Any CPU.Build.0 = Debug|Any CPU
		{A445FEF9-9931-4F0E-B4FB-77F17AC1C30D}.Release|Any CPU.ActiveCfg = Release|Any CPU
		{A445FEF9-9931-4F0E-B4FB-77F17AC1C30D}.Release|Any CPU.Build.0 = Release|Any CPU
		{21390519-0D91-4D1A-8FB8-54711A94E4B8}.Debug|Any CPU.ActiveCfg = Debug|Any CPU
		{21390519-0D91-4D1A-8FB8-54711A94E4B8}.Debug|Any CPU.Build.0 = Debug|Any CPU
		{21390519-0D91-4D1A-8FB8-54711A94E4B8}.Release|Any CPU.ActiveCfg = Release|Any CPU
		{21390519-0D91-4D1A-8FB8-54711A94E4B8}.Release|Any CPU.Build.0 = Release|Any CPU
		{35827937-7C07-4200-BB2A-6535294E14E9}.Debug|Any CPU.ActiveCfg = Debug|Any CPU
		{35827937-7C07-4200-BB2A-6535294E14E9}.Debug|Any CPU.Build.0 = Debug|Any CPU
		{35827937-7C07-4200-BB2A-6535294E14E9}.Release|Any CPU.ActiveCfg = Release|Any CPU
		{35827937-7C07-4200-BB2A-6535294E14E9}.Release|Any CPU.Build.0 = Release|Any CPU
	EndGlobalSection
	GlobalSection(SolutionProperties) = preSolution
		HideSolutionNode = FALSE
	EndGlobalSection
	GlobalSection(NestedProjects) = preSolution
		{7184AE95-780A-4AC8-9DF3-D6CA0F0D0283} = {FF3C6504-FAF8-4FD4-9FBD-0C02E2A38430}
		{5EE6C1B7-C323-4D86-8391-BCC52415DB2F} = {FF3C6504-FAF8-4FD4-9FBD-0C02E2A38430}
		{B93BB0E8-CF7E-4F7F-BFA8-DD92F6F83CC2} = {FF3C6504-FAF8-4FD4-9FBD-0C02E2A38430}
		{D0922BE8-D7AE-44B9-A03F-36BFC7846C31} = {FF3C6504-FAF8-4FD4-9FBD-0C02E2A38430}
		{B101095F-837B-41C0-B305-D9D34183BBD7} = {FF3C6504-FAF8-4FD4-9FBD-0C02E2A38430}
		{EFF4510A-86CE-435E-98DB-34B17CA89FC3} = {FF3C6504-FAF8-4FD4-9FBD-0C02E2A38430}
		{31CDCA97-1BFB-4DA7-B991-315414F0E7C6} = {FF3C6504-FAF8-4FD4-9FBD-0C02E2A38430}
		{27FD8170-875F-4ECC-8D98-C48BE6F9CDD9} = {FF3C6504-FAF8-4FD4-9FBD-0C02E2A38430}
		{1C766228-3017-485E-A330-4CF7D7A9B08F} = {5EE6C1B7-C323-4D86-8391-BCC52415DB2F}
		{F0BD22A5-0E1E-4EA8-9161-24E6D38BABEE} = {B93BB0E8-CF7E-4F7F-BFA8-DD92F6F83CC2}
		{0139A884-9AB0-4D75-B6A2-97A4C062812E} = {F0BD22A5-0E1E-4EA8-9161-24E6D38BABEE}
		{822423C2-18DA-4FCD-B2CF-55A30C633E5E} = {B93BB0E8-CF7E-4F7F-BFA8-DD92F6F83CC2}
		{7FE67155-0696-464B-9A68-E45C3180F0D2} = {EFF4510A-86CE-435E-98DB-34B17CA89FC3}
		{34053AB7-5818-44CB-9905-F9A516B0DA8A} = {EFF4510A-86CE-435E-98DB-34B17CA89FC3}
		{1FD281BB-E27F-4E54-B42B-E99DFE4C7693} = {31CDCA97-1BFB-4DA7-B991-315414F0E7C6}
		{EF2A09DC-BA93-4BB8-8A80-3500F775968C} = {31CDCA97-1BFB-4DA7-B991-315414F0E7C6}
		{DFF9BC89-E985-430F-BC46-DAFD110BA8CA} = {7184AE95-780A-4AC8-9DF3-D6CA0F0D0283}
		{CCCBFDCA-25AD-4B2A-A924-C3518BA43400} = {34053AB7-5818-44CB-9905-F9A516B0DA8A}
		{E3AB955F-D0CA-4F7D-A797-9AA9929CBF06} = {0139A884-9AB0-4D75-B6A2-97A4C062812E}
		{6E6973B9-2B02-4429-8056-653CC78EB894} = {27FD8170-875F-4ECC-8D98-C48BE6F9CDD9}
		{A17D1A76-E9CA-46FD-AEE1-BA003FD8484C} = {6E6973B9-2B02-4429-8056-653CC78EB894}
		{8E30C34F-50D7-40B8-B5A9-2146C4CA0CB6} = {0139A884-9AB0-4D75-B6A2-97A4C062812E}
		{0A53DCB9-56B3-4E9D-8D11-36A43B5DC051} = {CCCBFDCA-25AD-4B2A-A924-C3518BA43400}
		{35B3F10A-58DE-4CA4-B900-ABF38CC7FBC4} = {1C766228-3017-485E-A330-4CF7D7A9B08F}
		{915BC30B-80AE-4F6E-A271-A06EE0B91C46} = {822423C2-18DA-4FCD-B2CF-55A30C633E5E}
		{EDA2C89B-B81B-43BF-8767-03379088EFAB} = {7FE67155-0696-464B-9A68-E45C3180F0D2}
		{8FC78BEB-55A8-42E3-BA52-64D182C8C3E3} = {B93BB0E8-CF7E-4F7F-BFA8-DD92F6F83CC2}
		{6597E8A7-6566-4199-BBDA-0E37EA4F7F6A} = {EFF4510A-86CE-435E-98DB-34B17CA89FC3}
		{DDB58AE5-7ACB-41C6-A8E9-F3AF8EA69123} = {1C766228-3017-485E-A330-4CF7D7A9B08F}
		{EB2BCEDE-FB3D-4FBD-BAFB-D4EA6E262C8A} = {822423C2-18DA-4FCD-B2CF-55A30C633E5E}
		{6E3BF59A-DC3A-48CA-9EC9-145645DFF8C1} = {7FE67155-0696-464B-9A68-E45C3180F0D2}
		{12D9910F-4D8A-460C-A1FF-9D68812F74AF} = {D0922BE8-D7AE-44B9-A03F-36BFC7846C31}
		{1FDC8726-37E9-4728-8573-50FF274B660C} = {B101095F-837B-41C0-B305-D9D34183BBD7}
		{5FCA629A-7EEA-4430-89C8-98D575B63938} = {0139A884-9AB0-4D75-B6A2-97A4C062812E}
		{EF0276F1-C6A2-4CAF-A74A-33EDA73D0F8E} = {CCCBFDCA-25AD-4B2A-A924-C3518BA43400}
		{221ABD7A-9986-41C4-9210-33022FF77375} = {1FD281BB-E27F-4E54-B42B-E99DFE4C7693}
		{A445FEF9-9931-4F0E-B4FB-77F17AC1C30D} = {5FCA629A-7EEA-4430-89C8-98D575B63938}
		{21390519-0D91-4D1A-8FB8-54711A94E4B8} = {EF0276F1-C6A2-4CAF-A74A-33EDA73D0F8E}
		{35827937-7C07-4200-BB2A-6535294E14E9} = {221ABD7A-9986-41C4-9210-33022FF77375}
	EndGlobalSection
	GlobalSection(ExtensibilityGlobals) = postSolution
		SolutionGuid = {A4B6D458-B035-43C1-85BC-6A806E43B51D}
	EndGlobalSection
EndGlobal
